
Microsoft Visual Studio Solution File, Format Version 12.00
# Visual Studio Version 17
VisualStudioVersion = 17.11.35219.272
MinimumVisualStudioVersion = 10.0.40219.1
Project("{9A19103F-16F7-4668-BE54-9A1E7A4F7556}") = "SFML-GE", "SFML-GE\SFML-GE.csproj", "{EADF13F3-27A3-4086-B9EE-9FBDE8D76F81}"
EndProject
Project("{9A19103F-16F7-4668-BE54-9A1E7A4F7556}") = "Testing", "Testing\Testing.csproj", "{09312030-8EB5-455C-9B31-EDB7D44CF0D9}"
EndProject
Global
	GlobalSection(SolutionConfigurationPlatforms) = preSolution
		Debug|Any CPU = Debug|Any CPU
		Release|Any CPU = Release|Any CPU
	EndGlobalSection
	GlobalSection(ProjectConfigurationPlatforms) = postSolution
		{EADF13F3-27A3-4086-B9EE-9FBDE8D76F81}.Debug|Any CPU.ActiveCfg = Debug|Any CPU
		{EADF13F3-27A3-4086-B9EE-9FBDE8D76F81}.Debug|Any CPU.Build.0 = Debug|Any CPU
		{EADF13F3-27A3-4086-B9EE-9FBDE8D76F81}.Release|Any CPU.ActiveCfg = Release|Any CPU
		{EADF13F3-27A3-4086-B9EE-9FBDE8D76F81}.Release|Any CPU.Build.0 = Release|Any CPU
		{09312030-8EB5-455C-9B31-EDB7D44CF0D9}.Debug|Any CPU.ActiveCfg = Debug|Any CPU
		{09312030-8EB5-455C-9B31-EDB7D44CF0D9}.Debug|Any CPU.Build.0 = Debug|Any CPU
		{09312030-8EB5-455C-9B31-EDB7D44CF0D9}.Release|Any CPU.ActiveCfg = Release|Any CPU
		{09312030-8EB5-455C-9B31-EDB7D44CF0D9}.Release|Any CPU.Build.0 = Release|Any CPU
	EndGlobalSection
	GlobalSection(SolutionProperties) = preSolution
		HideSolutionNode = FALSE
	EndGlobalSection
	GlobalSection(ExtensibilityGlobals) = postSolution
		SolutionGuid = {335174F3-24F5-4CC5-8462-11BA132C249C}
	EndGlobalSection
EndGlobal
